// !$*UTF8*$!
{
	archiveVersion = 1;
	classes = {
	};
	objectVersion = 50;
	objects = {

/* Begin PBXBuildFile section */
		4466609B242915550042B04F /* AppDelegate.swift in Sources */ = {isa = PBXBuildFile; fileRef = 4466609A242915550042B04F /* AppDelegate.swift */; };
		4466609D242915550042B04F /* SceneDelegate.swift in Sources */ = {isa = PBXBuildFile; fileRef = 4466609C242915550042B04F /* SceneDelegate.swift */; };
		4466609F242915550042B04F /* RegistrationFormViewController.swift in Sources */ = {isa = PBXBuildFile; fileRef = 4466609E242915550042B04F /* RegistrationFormViewController.swift */; };
		446660A4242915560042B04F /* Assets.xcassets in Resources */ = {isa = PBXBuildFile; fileRef = 446660A3242915560042B04F /* Assets.xcassets */; };
		446660A7242915560042B04F /* LaunchScreen.storyboard in Resources */ = {isa = PBXBuildFile; fileRef = 446660A5242915560042B04F /* LaunchScreen.storyboard */; };
		446660AF242917190042B04F /* InputField.swift in Sources */ = {isa = PBXBuildFile; fileRef = 446660AE242917190042B04F /* InputField.swift */; };
		446660B124291CBA0042B04F /* FormButton.swift in Sources */ = {isa = PBXBuildFile; fileRef = 446660B024291CBA0042B04F /* FormButton.swift */; };
		446660B3242926C50042B04F /* RegistrationField.swift in Sources */ = {isa = PBXBuildFile; fileRef = 446660B2242926C50042B04F /* RegistrationField.swift */; };
		446660B6242926EB0042B04F /* FormButtonViewModel.swift in Sources */ = {isa = PBXBuildFile; fileRef = 446660B5242926EB0042B04F /* FormButtonViewModel.swift */; };
		446660B8242926F70042B04F /* FormButtonViewModelProtocol.swift in Sources */ = {isa = PBXBuildFile; fileRef = 446660B7242926F70042B04F /* FormButtonViewModelProtocol.swift */; };
		446660BB242927190042B04F /* InputFieldViewModelProtocol.swift in Sources */ = {isa = PBXBuildFile; fileRef = 446660BA242927190042B04F /* InputFieldViewModelProtocol.swift */; };
		446660BD242927290042B04F /* InputFieldViewModel.swift in Sources */ = {isa = PBXBuildFile; fileRef = 446660BC242927290042B04F /* InputFieldViewModel.swift */; };
		446660C0242927450042B04F /* CommonView.swift in Sources */ = {isa = PBXBuildFile; fileRef = 446660BF242927450042B04F /* CommonView.swift */; };
		446660C2242927750042B04F /* CommonControl.swift in Sources */ = {isa = PBXBuildFile; fileRef = 446660C1242927750042B04F /* CommonControl.swift */; };
		446660C524292B6A0042B04F /* RegistrationOptionalFormData.swift in Sources */ = {isa = PBXBuildFile; fileRef = 446660C424292B6A0042B04F /* RegistrationOptionalFormData.swift */; };
		446660C724292B7A0042B04F /* RegistrationFormData.swift in Sources */ = {isa = PBXBuildFile; fileRef = 446660C624292B7A0042B04F /* RegistrationFormData.swift */; };
		446660C924292B960042B04F /* RegistrationFormViewModel.swift in Sources */ = {isa = PBXBuildFile; fileRef = 446660C824292B960042B04F /* RegistrationFormViewModel.swift */; };
		446660CB24292BA50042B04F /* RegistrationFormViewModelProtocol.swift in Sources */ = {isa = PBXBuildFile; fileRef = 446660CA24292BA50042B04F /* RegistrationFormViewModelProtocol.swift */; };
/* End PBXBuildFile section */

/* Begin PBXFileReference section */
		44666097242915550042B04F /* RegistrationForm.app */ = {isa = PBXFileReference; explicitFileType = wrapper.application; includeInIndex = 0; path = RegistrationForm.app; sourceTree = BUILT_PRODUCTS_DIR; };
		4466609A242915550042B04F /* AppDelegate.swift */ = {isa = PBXFileReference; lastKnownFileType = sourcecode.swift; path = AppDelegate.swift; sourceTree = "<group>"; };
		4466609C242915550042B04F /* SceneDelegate.swift */ = {isa = PBXFileReference; lastKnownFileType = sourcecode.swift; path = SceneDelegate.swift; sourceTree = "<group>"; };
		4466609E242915550042B04F /* RegistrationFormViewController.swift */ = {isa = PBXFileReference; lastKnownFileType = sourcecode.swift; path = RegistrationFormViewController.swift; sourceTree = "<group>"; };
		446660A3242915560042B04F /* Assets.xcassets */ = {isa = PBXFileReference; lastKnownFileType = folder.assetcatalog; path = Assets.xcassets; sourceTree = "<group>"; };
		446660A6242915560042B04F /* Base */ = {isa = PBXFileReference; lastKnownFileType = file.storyboard; name = Base; path = Base.lproj/LaunchScreen.storyboard; sourceTree = "<group>"; };
		446660A8242915560042B04F /* Info.plist */ = {isa = PBXFileReference; lastKnownFileType = text.plist.xml; path = Info.plist; sourceTree = "<group>"; };
		446660AE242917190042B04F /* InputField.swift */ = {isa = PBXFileReference; lastKnownFileType = sourcecode.swift; path = InputField.swift; sourceTree = "<group>"; };
		446660B024291CBA0042B04F /* FormButton.swift */ = {isa = PBXFileReference; lastKnownFileType = sourcecode.swift; path = FormButton.swift; sourceTree = "<group>"; };
		446660B2242926C50042B04F /* RegistrationField.swift */ = {isa = PBXFileReference; lastKnownFileType = sourcecode.swift; path = RegistrationField.swift; sourceTree = "<group>"; };
		446660B5242926EB0042B04F /* FormButtonViewModel.swift */ = {isa = PBXFileReference; lastKnownFileType = sourcecode.swift; path = FormButtonViewModel.swift; sourceTree = "<group>"; };
		446660B7242926F70042B04F /* FormButtonViewModelProtocol.swift */ = {isa = PBXFileReference; lastKnownFileType = sourcecode.swift; path = FormButtonViewModelProtocol.swift; sourceTree = "<group>"; };
		446660BA242927190042B04F /* InputFieldViewModelProtocol.swift */ = {isa = PBXFileReference; lastKnownFileType = sourcecode.swift; path = InputFieldViewModelProtocol.swift; sourceTree = "<group>"; };
		446660BC242927290042B04F /* InputFieldViewModel.swift */ = {isa = PBXFileReference; lastKnownFileType = sourcecode.swift; path = InputFieldViewModel.swift; sourceTree = "<group>"; };
		446660BF242927450042B04F /* CommonView.swift */ = {isa = PBXFileReference; lastKnownFileType = sourcecode.swift; path = CommonView.swift; sourceTree = "<group>"; };
		446660C1242927750042B04F /* CommonControl.swift */ = {isa = PBXFileReference; lastKnownFileType = sourcecode.swift; path = CommonControl.swift; sourceTree = "<group>"; };
		446660C424292B6A0042B04F /* RegistrationOptionalFormData.swift */ = {isa = PBXFileReference; lastKnownFileType = sourcecode.swift; path = RegistrationOptionalFormData.swift; sourceTree = "<group>"; };
		446660C624292B7A0042B04F /* RegistrationFormData.swift */ = {isa = PBXFileReference; lastKnownFileType = sourcecode.swift; path = RegistrationFormData.swift; sourceTree = "<group>"; };
		446660C824292B960042B04F /* RegistrationFormViewModel.swift */ = {isa = PBXFileReference; lastKnownFileType = sourcecode.swift; path = RegistrationFormViewModel.swift; sourceTree = "<group>"; };
		446660CA24292BA50042B04F /* RegistrationFormViewModelProtocol.swift */ = {isa = PBXFileReference; lastKnownFileType = sourcecode.swift; path = RegistrationFormViewModelProtocol.swift; sourceTree = "<group>"; };
/* End PBXFileReference section */

/* Begin PBXFrameworksBuildPhase section */
		44666094242915550042B04F /* Frameworks */ = {
			isa = PBXFrameworksBuildPhase;
			buildActionMask = 2147483647;
			files = (
			);
			runOnlyForDeploymentPostprocessing = 0;
		};
/* End PBXFrameworksBuildPhase section */

/* Begin PBXGroup section */
		4466608E242915550042B04F = {
			isa = PBXGroup;
			children = (
				44666099242915550042B04F /* RegistrationForm */,
				44666098242915550042B04F /* Products */,
			);
			sourceTree = "<group>";
		};
		44666098242915550042B04F /* Products */ = {
			isa = PBXGroup;
			children = (
				44666097242915550042B04F /* RegistrationForm.app */,
			);
			name = Products;
			sourceTree = "<group>";
		};
		44666099242915550042B04F /* RegistrationForm */ = {
			isa = PBXGroup;
			children = (
				446660C324292B620042B04F /* Models */,
				446660BE2429273A0042B04F /* Common */,
				446660B92429270B0042B04F /* InputField */,
				446660B4242926E30042B04F /* FormButton */,
				4466609A242915550042B04F /* AppDelegate.swift */,
				4466609C242915550042B04F /* SceneDelegate.swift */,
				4466609E242915550042B04F /* RegistrationFormViewController.swift */,
				446660A3242915560042B04F /* Assets.xcassets */,
				446660A5242915560042B04F /* LaunchScreen.storyboard */,
				446660A8242915560042B04F /* Info.plist */,
				446660B2242926C50042B04F /* RegistrationField.swift */,
			);
			path = RegistrationForm;
			sourceTree = "<group>";
		};
		446660B4242926E30042B04F /* FormButton */ = {
			isa = PBXGroup;
			children = (
				446660B024291CBA0042B04F /* FormButton.swift */,
				446660B5242926EB0042B04F /* FormButtonViewModel.swift */,
				446660B7242926F70042B04F /* FormButtonViewModelProtocol.swift */,
			);
			path = FormButton;
			sourceTree = "<group>";
		};
		446660B92429270B0042B04F /* InputField */ = {
			isa = PBXGroup;
			children = (
				446660AE242917190042B04F /* InputField.swift */,
				446660BA242927190042B04F /* InputFieldViewModelProtocol.swift */,
				446660BC242927290042B04F /* InputFieldViewModel.swift */,
			);
			path = InputField;
			sourceTree = "<group>";
		};
		446660BE2429273A0042B04F /* Common */ = {
			isa = PBXGroup;
			children = (
				446660BF242927450042B04F /* CommonView.swift */,
				446660C1242927750042B04F /* CommonControl.swift */,
			);
			path = Common;
			sourceTree = "<group>";
		};
		446660C324292B620042B04F /* Models */ = {
			isa = PBXGroup;
			children = (
				446660C424292B6A0042B04F /* RegistrationOptionalFormData.swift */,
				446660C624292B7A0042B04F /* RegistrationFormData.swift */,
				446660C824292B960042B04F /* RegistrationFormViewModel.swift */,
				446660CA24292BA50042B04F /* RegistrationFormViewModelProtocol.swift */,
			);
			path = Models;
			sourceTree = "<group>";
		};
/* End PBXGroup section */

/* Begin PBXNativeTarget section */
		44666096242915550042B04F /* RegistrationForm */ = {
			isa = PBXNativeTarget;
			buildConfigurationList = 446660AB242915560042B04F /* Build configuration list for PBXNativeTarget "RegistrationForm" */;
			buildPhases = (
				44666093242915550042B04F /* Sources */,
				44666094242915550042B04F /* Frameworks */,
				44666095242915550042B04F /* Resources */,
			);
			buildRules = (
			);
			dependencies = (
			);
			name = RegistrationForm;
			productName = RegistrationForm;
			productReference = 44666097242915550042B04F /* RegistrationForm.app */;
			productType = "com.apple.product-type.application";
		};
/* End PBXNativeTarget section */

/* Begin PBXProject section */
		4466608F242915550042B04F /* Project object */ = {
			isa = PBXProject;
			attributes = {
				LastSwiftUpdateCheck = 1130;
				LastUpgradeCheck = 1130;
				ORGANIZATIONNAME = "David Thorn";
				TargetAttributes = {
					44666096242915550042B04F = {
						CreatedOnToolsVersion = 11.3.1;
					};
				};
			};
			buildConfigurationList = 44666092242915550042B04F /* Build configuration list for PBXProject "RegistrationForm" */;
			compatibilityVersion = "Xcode 9.3";
			developmentRegion = en;
			hasScannedForEncodings = 0;
			knownRegions = (
				en,
				Base,
			);
			mainGroup = 4466608E242915550042B04F;
			productRefGroup = 44666098242915550042B04F /* Products */;
			projectDirPath = "";
			projectRoot = "";
			targets = (
				44666096242915550042B04F /* RegistrationForm */,
			);
		};
/* End PBXProject section */

/* Begin PBXResourcesBuildPhase section */
		44666095242915550042B04F /* Resources */ = {
			isa = PBXResourcesBuildPhase;
			buildActionMask = 2147483647;
			files = (
				446660A7242915560042B04F /* LaunchScreen.storyboard in Resources */,
				446660A4242915560042B04F /* Assets.xcassets in Resources */,
			);
			runOnlyForDeploymentPostprocessing = 0;
		};
/* End PBXResourcesBuildPhase section */

/* Begin PBXSourcesBuildPhase section */
		44666093242915550042B04F /* Sources */ = {
			isa = PBXSourcesBuildPhase;
			buildActionMask = 2147483647;
			files = (
				446660C2242927750042B04F /* CommonControl.swift in Sources */,
				446660B124291CBA0042B04F /* FormButton.swift in Sources */,
				446660C524292B6A0042B04F /* RegistrationOptionalFormData.swift in Sources */,
				446660C0242927450042B04F /* CommonView.swift in Sources */,
				446660BB242927190042B04F /* InputFieldViewModelProtocol.swift in Sources */,
				4466609F242915550042B04F /* RegistrationFormViewController.swift in Sources */,
				4466609B242915550042B04F /* AppDelegate.swift in Sources */,
				4466609D242915550042B04F /* SceneDelegate.swift in Sources */,
				446660C924292B960042B04F /* RegistrationFormViewModel.swift in Sources */,
				446660AF242917190042B04F /* InputField.swift in Sources */,
				446660C724292B7A0042B04F /* RegistrationFormData.swift in Sources */,
				446660BD242927290042B04F /* InputFieldViewModel.swift in Sources */,
				446660B6242926EB0042B04F /* FormButtonViewModel.swift in Sources */,
				446660B8242926F70042B04F /* FormButtonViewModelProtocol.swift in Sources */,
				446660B3242926C50042B04F /* RegistrationField.swift in Sources */,
				446660CB24292BA50042B04F /* RegistrationFormViewModelProtocol.swift in Sources */,
			);
			runOnlyForDeploymentPostprocessing = 0;
		};
/* End PBXSourcesBuildPhase section */

/* Begin PBXVariantGroup section */
		446660A5242915560042B04F /* LaunchScreen.storyboard */ = {
			isa = PBXVariantGroup;
			children = (
				446660A6242915560042B04F /* Base */,
			);
			name = LaunchScreen.storyboard;
			sourceTree = "<group>";
		};
/* End PBXVariantGroup section */

/* Begin XCBuildConfiguration section */
		446660A9242915560042B04F /* Debug */ = {
			isa = XCBuildConfiguration;
			buildSettings = {
				ALWAYS_SEARCH_USER_PATHS = NO;
				CLANG_ANALYZER_NONNULL = YES;
				CLANG_ANALYZER_NUMBER_OBJECT_CONVERSION = YES_AGGRESSIVE;
				CLANG_CXX_LANGUAGE_STANDARD = "gnu++14";
				CLANG_CXX_LIBRARY = "libc++";
				CLANG_ENABLE_MODULES = YES;
				CLANG_ENABLE_OBJC_ARC = YES;
				CLANG_ENABLE_OBJC_WEAK = YES;
				CLANG_WARN_BLOCK_CAPTURE_AUTORELEASING = YES;
				CLANG_WARN_BOOL_CONVERSION = YES;
				CLANG_WARN_COMMA = YES;
				CLANG_WARN_CONSTANT_CONVERSION = YES;
				CLANG_WARN_DEPRECATED_OBJC_IMPLEMENTATIONS = YES;
				CLANG_WARN_DIRECT_OBJC_ISA_USAGE = YES_ERROR;
				CLANG_WARN_DOCUMENTATION_COMMENTS = YES;
				CLANG_WARN_EMPTY_BODY = YES;
				CLANG_WARN_ENUM_CONVERSION = YES;
				CLANG_WARN_INFINITE_RECURSION = YES;
				CLANG_WARN_INT_CONVERSION = YES;
				CLANG_WARN_NON_LITERAL_NULL_CONVERSION = YES;
				CLANG_WARN_OBJC_IMPLICIT_RETAIN_SELF = YES;
				CLANG_WARN_OBJC_LITERAL_CONVERSION = YES;
				CLANG_WARN_OBJC_ROOT_CLASS = YES_ERROR;
				CLANG_WARN_RANGE_LOOP_ANALYSIS = YES;
				CLANG_WARN_STRICT_PROTOTYPES = YES;
				CLANG_WARN_SUSPICIOUS_MOVE = YES;
				CLANG_WARN_UNGUARDED_AVAILABILITY = YES_AGGRESSIVE;
				CLANG_WARN_UNREACHABLE_CODE = YES;
				CLANG_WARN__DUPLICATE_METHOD_MATCH = YES;
				COPY_PHASE_STRIP = NO;
				DEBUG_INFORMATION_FORMAT = dwarf;
				ENABLE_STRICT_OBJC_MSGSEND = YES;
				ENABLE_TESTABILITY = YES;
				GCC_C_LANGUAGE_STANDARD = gnu11;
				GCC_DYNAMIC_NO_PIC = NO;
				GCC_NO_COMMON_BLOCKS = YES;
				GCC_OPTIMIZATION_LEVEL = 0;
				GCC_PREPROCESSOR_DEFINITIONS = (
					"DEBUG=1",
					"$(inherited)",
				);
				GCC_WARN_64_TO_32_BIT_CONVERSION = YES;
				GCC_WARN_ABOUT_RETURN_TYPE = YES_ERROR;
				GCC_WARN_UNDECLARED_SELECTOR = YES;
				GCC_WARN_UNINITIALIZED_AUTOS = YES_AGGRESSIVE;
				GCC_WARN_UNUSED_FUNCTION = YES;
				GCC_WARN_UNUSED_VARIABLE = YES;
				IPHONEOS_DEPLOYMENT_TARGET = 13.2;
				MTL_ENABLE_DEBUG_INFO = INCLUDE_SOURCE;
				MTL_FAST_MATH = YES;
				ONLY_ACTIVE_ARCH = YES;
				SDKROOT = iphoneos;
				SWIFT_ACTIVE_COMPILATION_CONDITIONS = DEBUG;
				SWIFT_OPTIMIZATION_LEVEL = "-Onone";
			};
			name = Debug;
		};
		446660AA242915560042B04F /* Release */ = {
			isa = XCBuildConfiguration;
			buildSettings = {
				ALWAYS_SEARCH_USER_PATHS = NO;
				CLANG_ANALYZER_NONNULL = YES;
				CLANG_ANALYZER_NUMBER_OBJECT_CONVERSION = YES_AGGRESSIVE;
				CLANG_CXX_LANGUAGE_STANDARD = "gnu++14";
				CLANG_CXX_LIBRARY = "libc++";
				CLANG_ENABLE_MODULES = YES;
				CLANG_ENABLE_OBJC_ARC = YES;
				CLANG_ENABLE_OBJC_WEAK = YES;
				CLANG_WARN_BLOCK_CAPTURE_AUTORELEASING = YES;
				CLANG_WARN_BOOL_CONVERSION = YES;
				CLANG_WARN_COMMA = YES;
				CLANG_WARN_CONSTANT_CONVERSION = YES;
				CLANG_WARN_DEPRECATED_OBJC_IMPLEMENTATIONS = YES;
				CLANG_WARN_DIRECT_OBJC_ISA_USAGE = YES_ERROR;
				CLANG_WARN_DOCUMENTATION_COMMENTS = YES;
				CLANG_WARN_EMPTY_BODY = YES;
				CLANG_WARN_ENUM_CONVERSION = YES;
				CLANG_WARN_INFINITE_RECURSION = YES;
				CLANG_WARN_INT_CONVERSION = YES;
				CLANG_WARN_NON_LITERAL_NULL_CONVERSION = YES;
				CLANG_WARN_OBJC_IMPLICIT_RETAIN_SELF = YES;
				CLANG_WARN_OBJC_LITERAL_CONVERSION = YES;
				CLANG_WARN_OBJC_ROOT_CLASS = YES_ERROR;
				CLANG_WARN_RANGE_LOOP_ANALYSIS = YES;
				CLANG_WARN_STRICT_PROTOTYPES = YES;
				CLANG_WARN_SUSPICIOUS_MOVE = YES;
				CLANG_WARN_UNGUARDED_AVAILABILITY = YES_AGGRESSIVE;
				CLANG_WARN_UNREACHABLE_CODE = YES;
				CLANG_WARN__DUPLICATE_METHOD_MATCH = YES;
				COPY_PHASE_STRIP = NO;
				DEBUG_INFORMATION_FORMAT = "dwarf-with-dsym";
				ENABLE_NS_ASSERTIONS = NO;
				ENABLE_STRICT_OBJC_MSGSEND = YES;
				GCC_C_LANGUAGE_STANDARD = gnu11;
				GCC_NO_COMMON_BLOCKS = YES;
				GCC_WARN_64_TO_32_BIT_CONVERSION = YES;
				GCC_WARN_ABOUT_RETURN_TYPE = YES_ERROR;
				GCC_WARN_UNDECLARED_SELECTOR = YES;
				GCC_WARN_UNINITIALIZED_AUTOS = YES_AGGRESSIVE;
				GCC_WARN_UNUSED_FUNCTION = YES;
				GCC_WARN_UNUSED_VARIABLE = YES;
				IPHONEOS_DEPLOYMENT_TARGET = 13.2;
				MTL_ENABLE_DEBUG_INFO = NO;
				MTL_FAST_MATH = YES;
				SDKROOT = iphoneos;
				SWIFT_COMPILATION_MODE = wholemodule;
				SWIFT_OPTIMIZATION_LEVEL = "-O";
				VALIDATE_PRODUCT = YES;
			};
			name = Release;
		};
		446660AC242915560042B04F /* Debug */ = {
			isa = XCBuildConfiguration;
			buildSettings = {
				ASSETCATALOG_COMPILER_APPICON_NAME = AppIcon;
				CODE_SIGN_STYLE = Automatic;
				DEVELOPMENT_TEAM = Z5L45HU7SA;
				INFOPLIST_FILE = RegistrationForm/Info.plist;
				LD_RUNPATH_SEARCH_PATHS = (
					"$(inherited)",
					"@executable_path/Frameworks",
				);
				PRODUCT_BUNDLE_IDENTIFIER = com.thorn.james.david.RegistrationForm;
				PRODUCT_NAME = "$(TARGET_NAME)";
				SWIFT_VERSION = 5.0;
				TARGETED_DEVICE_FAMILY = "1,2";
			};
			name = Debug;
		};
		446660AD242915560042B04F /* Release */ = {
			isa = XCBuildConfiguration;
			buildSettings = {
				ASSETCATALOG_COMPILER_APPICON_NAME = AppIcon;
				CODE_SIGN_STYLE = Automatic;
				DEVELOPMENT_TEAM = Z5L45HU7SA;
				INFOPLIST_FILE = RegistrationForm/Info.plist;
				LD_RUNPATH_SEARCH_PATHS = (
					"$(inherited)",
					"@executable_path/Frameworks",
				);
				PRODUCT_BUNDLE_IDENTIFIER = com.thorn.james.david.RegistrationForm;
				PRODUCT_NAME = "$(TARGET_NAME)";
				SWIFT_VERSION = 5.0;
				TARGETED_DEVICE_FAMILY = "1,2";
			};
			name = Release;
		};
/* End XCBuildConfiguration section */

/* Begin XCConfigurationList section */
		44666092242915550042B04F /* Build configuration list for PBXProject "RegistrationForm" */ = {
			isa = XCConfigurationList;
			buildConfigurations = (
				446660A9242915560042B04F /* Debug */,
				446660AA242915560042B04F /* Release */,
			);
			defaultConfigurationIsVisible = 0;
			defaultConfigurationName = Release;
		};
		446660AB242915560042B04F /* Build configuration list for PBXNativeTarget "RegistrationForm" */ = {
			isa = XCConfigurationList;
			buildConfigurations = (
				446660AC242915560042B04F /* Debug */,
				446660AD242915560042B04F /* Release */,
			);
			defaultConfigurationIsVisible = 0;
			defaultConfigurationName = Release;
		};
/* End XCConfigurationList section */
	};
	rootObject = 4466608F242915550042B04F /* Project object */;
}
